
Microsoft Visual Studio Solution File, Format Version 12.00
# Visual Studio Version 17
VisualStudioVersion = 17.5.33530.505
MinimumVisualStudioVersion = 10.0.40219.1
Project("{FAE04EC0-301F-11D3-BF4B-00C04F79EFBC}") = "ConectionToMySQL", "ConectionToMySQL.csproj", "{B6342757-1F19-410C-BA18-A65D20C319C5}"
EndProject
Global
	GlobalSection(SolutionConfigurationPlatforms) = preSolution
		Debug|Any CPU = Debug|Any CPU
		Release|Any CPU = Release|Any CPU
	EndGlobalSection
	GlobalSection(ProjectConfigurationPlatforms) = postSolution
		{B6342757-1F19-410C-BA18-A65D20C319C5}.Debug|Any CPU.ActiveCfg = Debug|Any CPU
		{B6342757-1F19-410C-BA18-A65D20C319C5}.Debug|Any CPU.Build.0 = Debug|Any CPU
		{B6342757-1F19-410C-BA18-A65D20C319C5}.Release|Any CPU.ActiveCfg = Release|Any CPU
		{B6342757-1F19-410C-BA18-A65D20C319C5}.Release|Any CPU.Build.0 = Release|Any CPU
	EndGlobalSection
	GlobalSection(SolutionProperties) = preSolution
		HideSolutionNode = FALSE
	EndGlobalSection
	GlobalSection(ExtensibilityGlobals) = postSolution
		SolutionGuid = {94BC62E5-6F63-4CD4-BCC9-1092D44AD3E3}
	EndGlobalSection
EndGlobal
