
Microsoft Visual Studio Solution File, Format Version 12.00
# Visual Studio Version 17
VisualStudioVersion = 17.5.33530.505
MinimumVisualStudioVersion = 10.0.40219.1
Project("{FAE04EC0-301F-11D3-BF4B-00C04F79EFBC}") = "Projeto01", "Projeto01.csproj", "{D34FEFED-DAA8-41DC-B08A-74A61822ABFF}"
EndProject
Global
	GlobalSection(SolutionConfigurationPlatforms) = preSolution
		Debug|Any CPU = Debug|Any CPU
		Release|Any CPU = Release|Any CPU
	EndGlobalSection
	GlobalSection(ProjectConfigurationPlatforms) = postSolution
		{D34FEFED-DAA8-41DC-B08A-74A61822ABFF}.Debug|Any CPU.ActiveCfg = Debug|Any CPU
		{D34FEFED-DAA8-41DC-B08A-74A61822ABFF}.Debug|Any CPU.Build.0 = Debug|Any CPU
		{D34FEFED-DAA8-41DC-B08A-74A61822ABFF}.Release|Any CPU.ActiveCfg = Release|Any CPU
		{D34FEFED-DAA8-41DC-B08A-74A61822ABFF}.Release|Any CPU.Build.0 = Release|Any CPU
	EndGlobalSection
	GlobalSection(SolutionProperties) = preSolution
		HideSolutionNode = FALSE
	EndGlobalSection
	GlobalSection(ExtensibilityGlobals) = postSolution
		SolutionGuid = {056B959F-47E5-4CC8-AF62-7B6851442B6C}
	EndGlobalSection
EndGlobal
